
Microsoft Visual Studio Solution File, Format Version 12.00
Project("{FAE04EC0-301F-11D3-BF4B-00C04F79EFBC}") = "PomodoroAPI", "PomodoroAPI\PomodoroAPI.csproj", "{E993A2F1-C3B5-4D5E-B46A-131B73259972}"
EndProject
Global
	GlobalSection(SolutionConfigurationPlatforms) = preSolution
		Debug|Any CPU = Debug|Any CPU
		Release|Any CPU = Release|Any CPU
	EndGlobalSection
	GlobalSection(ProjectConfigurationPlatforms) = postSolution
		{E993A2F1-C3B5-4D5E-B46A-131B73259972}.Debug|Any CPU.ActiveCfg = Debug|Any CPU
		{E993A2F1-C3B5-4D5E-B46A-131B73259972}.Debug|Any CPU.Build.0 = Debug|Any CPU
		{E993A2F1-C3B5-4D5E-B46A-131B73259972}.Release|Any CPU.ActiveCfg = Release|Any CPU
		{E993A2F1-C3B5-4D5E-B46A-131B73259972}.Release|Any CPU.Build.0 = Release|Any CPU
	EndGlobalSection
EndGlobal
